
Microsoft Visual Studio Solution File, Format Version 12.00
# Visual Studio 15
VisualStudioVersion = 15.0.27130.0
MinimumVisualStudioVersion = 10.0.40219.1
Project("{9A19103F-16F7-4668-BE54-9A1E7A4F7556}") = "HuRe", "HuRe.csproj", "{0D22468C-1357-4805-852C-3ADF18DC9BC6}"
EndProject
Global
	GlobalSection(SolutionConfigurationPlatforms) = preSolution
		Debug|Any CPU = Debug|Any CPU
		Release|Any CPU = Release|Any CPU
	EndGlobalSection
	GlobalSection(ProjectConfigurationPlatforms) = postSolution
		{0D22468C-1357-4805-852C-3ADF18DC9BC6}.Debug|Any CPU.ActiveCfg = Debug|Any CPU
		{0D22468C-1357-4805-852C-3ADF18DC9BC6}.Debug|Any CPU.Build.0 = Debug|Any CPU
		{0D22468C-1357-4805-852C-3ADF18DC9BC6}.Release|Any CPU.ActiveCfg = Release|Any CPU
		{0D22468C-1357-4805-852C-3ADF18DC9BC6}.Release|Any CPU.Build.0 = Release|Any CPU
	EndGlobalSection
	GlobalSection(SolutionProperties) = preSolution
		HideSolutionNode = FALSE
	EndGlobalSection
	GlobalSection(ExtensibilityGlobals) = postSolution
		SolutionGuid = {A95DF505-38AB-4BFC-B53B-E215A6E74E62}
	EndGlobalSection
EndGlobal
